dependencies:
- name: loki
  repository: https://grafana.github.io/helm-charts
  version: 5.15.0
- name: promtail
  repository: https://grafana.github.io/helm-charts
  version: 6.15.0
digest: sha256:fc514758cfaa9e016bcdd1684e323a6031805683e032984346a4da614c2b9b57
generated: "2023-09-04T15:46:59.841174+02:00"
